
Microsoft Visual Studio Solution File, Format Version 12.00
# Visual Studio Version 17
VisualStudioVersion = 17.13.35931.197 d17.13
MinimumVisualStudioVersion = 10.0.40219.1
Project("{FAE04EC0-301F-11D3-BF4B-00C04F79EFBC}") = "WebFrontEndApp", "WebFrontEndApp\WebFrontEndApp.csproj", "{300C951E-2DC2-4074-B2ED-43A8DB234387}"
EndProject
Global
	GlobalSection(SolutionConfigurationPlatforms) = preSolution
		Debug|Any CPU = Debug|Any CPU
		Release|Any CPU = Release|Any CPU
	EndGlobalSection
	GlobalSection(ProjectConfigurationPlatforms) = postSolution
		{300C951E-2DC2-4074-B2ED-43A8DB234387}.Debug|Any CPU.ActiveCfg = Debug|Any CPU
		{300C951E-2DC2-4074-B2ED-43A8DB234387}.Debug|Any CPU.Build.0 = Debug|Any CPU
		{300C951E-2DC2-4074-B2ED-43A8DB234387}.Release|Any CPU.ActiveCfg = Release|Any CPU
		{300C951E-2DC2-4074-B2ED-43A8DB234387}.Release|Any CPU.Build.0 = Release|Any CPU
	EndGlobalSection
	GlobalSection(SolutionProperties) = preSolution
		HideSolutionNode = FALSE
	EndGlobalSection
	GlobalSection(ExtensibilityGlobals) = postSolution
		SolutionGuid = {A6C3864E-9228-4714-9E65-5FD6E5CEA289}
	EndGlobalSection
EndGlobal
